
Microsoft Visual Studio Solution File, Format Version 12.00
# Visual Studio Version 17
VisualStudioVersion = 17.2.32210.308
MinimumVisualStudioVersion = 10.0.40219.1
Project("{9A19103F-16F7-4668-BE54-9A1E7A4F7556}") = "AspNetCore", "AspNetCore\AspNetCore.csproj", "{113D9DC8-6FD3-4E33-9100-BA18480B1BD8}"
EndProject
Project("{9A19103F-16F7-4668-BE54-9A1E7A4F7556}") = "Pwt", "PWT\Pwt.csproj", "{B1E873D2-807B-4C4B-868A-5A8E274870CE}"
EndProject
Global
	GlobalSection(SolutionConfigurationPlatforms) = preSolution
		Debug|Any CPU = Debug|Any CPU
		Release|Any CPU = Release|Any CPU
	EndGlobalSection
	GlobalSection(ProjectConfigurationPlatforms) = postSolution
		{113D9DC8-6FD3-4E33-9100-BA18480B1BD8}.Debug|Any CPU.ActiveCfg = Debug|Any CPU
		{113D9DC8-6FD3-4E33-9100-BA18480B1BD8}.Debug|Any CPU.Build.0 = Debug|Any CPU
		{113D9DC8-6FD3-4E33-9100-BA18480B1BD8}.Release|Any CPU.ActiveCfg = Release|Any CPU
		{113D9DC8-6FD3-4E33-9100-BA18480B1BD8}.Release|Any CPU.Build.0 = Release|Any CPU
		{B1E873D2-807B-4C4B-868A-5A8E274870CE}.Debug|Any CPU.ActiveCfg = Debug|Any CPU
		{B1E873D2-807B-4C4B-868A-5A8E274870CE}.Debug|Any CPU.Build.0 = Debug|Any CPU
		{B1E873D2-807B-4C4B-868A-5A8E274870CE}.Release|Any CPU.ActiveCfg = Release|Any CPU
		{B1E873D2-807B-4C4B-868A-5A8E274870CE}.Release|Any CPU.Build.0 = Release|Any CPU
	EndGlobalSection
	GlobalSection(SolutionProperties) = preSolution
		HideSolutionNode = FALSE
	EndGlobalSection
	GlobalSection(ExtensibilityGlobals) = postSolution
		SolutionGuid = {95FCD990-87E8-4872-9655-D5BB285DB5AE}
	EndGlobalSection
EndGlobal
